
Microsoft Visual Studio Solution File, Format Version 12.00
# Visual Studio Version 17
VisualStudioVersion = 17.10.35122.118
MinimumVisualStudioVersion = 10.0.40219.1
Project("{FAE04EC0-301F-11D3-BF4B-00C04F79EFBC}") = "task-control-api", "task-control-api\task-control-api.csproj", "{348A3BBF-6FAE-4CE5-814B-52879769CD02}"
EndProject
Global
	GlobalSection(SolutionConfigurationPlatforms) = preSolution
		Debug|Any CPU = Debug|Any CPU
		Release|Any CPU = Release|Any CPU
	EndGlobalSection
	GlobalSection(ProjectConfigurationPlatforms) = postSolution
		{348A3BBF-6FAE-4CE5-814B-52879769CD02}.Debug|Any CPU.ActiveCfg = Debug|Any CPU
		{348A3BBF-6FAE-4CE5-814B-52879769CD02}.Debug|Any CPU.Build.0 = Debug|Any CPU
		{348A3BBF-6FAE-4CE5-814B-52879769CD02}.Release|Any CPU.ActiveCfg = Release|Any CPU
		{348A3BBF-6FAE-4CE5-814B-52879769CD02}.Release|Any CPU.Build.0 = Release|Any CPU
	EndGlobalSection
	GlobalSection(SolutionProperties) = preSolution
		HideSolutionNode = FALSE
	EndGlobalSection
	GlobalSection(ExtensibilityGlobals) = postSolution
		SolutionGuid = {5A865FD7-706B-4A19-9D3C-5BC277FC78E1}
	EndGlobalSection
EndGlobal
